{
  "requires": true,
  "lockfileVersion": 1,
  "dependencies": {
    "typeface-lobster": {
      "version": "0.0.72",
      "resolved": "https://registry.npmjs.org/typeface-lobster/-/typeface-lobster-0.0.72.tgz",
      "integrity": "sha512-7WKgGD1w4j1tSw2tom8n4n0s7gjJv+y4V2UpLGmmjDIZ9YeuBoBqk1A2snjpIvriScqBGOYCO0vhtr/RyHF2lw=="
    },
    "typeface-open-sans": {
      "version": "0.0.75",
      "resolved": "https://registry.npmjs.org/typeface-open-sans/-/typeface-open-sans-0.0.75.tgz",
      "integrity": "sha512-0lLmB7pfj113OP4T78SbpSmC4OCdFQ0vUxdSXQccsSb6qF76F92iEuC/DghFgmPswTyidk8+Hwf+PS/htiJoRQ=="
    }
  }
}
